
Microsoft Visual Studio Solution File, Format Version 12.00
# Visual Studio Version 17
VisualStudioVersion = 17.12.35417.141 d17.12
MinimumVisualStudioVersion = 10.0.40219.1
Project("{FAE04EC0-301F-11D3-BF4B-00C04F79EFBC}") = "ToDoListApi.Console", "ToDoListApi.Console\ToDoListApi.Console.csproj", "{EB74E9B7-E1EB-4061-9296-C598315E1587}"
EndProject
Project("{2150E333-8FDC-42A3-9474-1A3956D46DE8}") = "Documents", "Documents", "{CDCD9ABE-4DA9-4084-8935-DB1CD7E8295D}"
	ProjectSection(SolutionItems) = preProject
		README.md = README.md
	EndProjectSection
EndProject
Project("{FAE04EC0-301F-11D3-BF4B-00C04F79EFBC}") = "ToDoListApi", "ToDoListApi\ToDoListApi.csproj", "{9BF75163-2AEE-43C9-9D5D-C6C61116CF51}"
EndProject
Global
	GlobalSection(SolutionConfigurationPlatforms) = preSolution
		Debug|Any CPU = Debug|Any CPU
		Release|Any CPU = Release|Any CPU
	EndGlobalSection
	GlobalSection(ProjectConfigurationPlatforms) = postSolution
		{EB74E9B7-E1EB-4061-9296-C598315E1587}.Debug|Any CPU.ActiveCfg = Debug|Any CPU
		{EB74E9B7-E1EB-4061-9296-C598315E1587}.Debug|Any CPU.Build.0 = Debug|Any CPU
		{EB74E9B7-E1EB-4061-9296-C598315E1587}.Release|Any CPU.ActiveCfg = Release|Any CPU
		{EB74E9B7-E1EB-4061-9296-C598315E1587}.Release|Any CPU.Build.0 = Release|Any CPU
		{9BF75163-2AEE-43C9-9D5D-C6C61116CF51}.Debug|Any CPU.ActiveCfg = Debug|Any CPU
		{9BF75163-2AEE-43C9-9D5D-C6C61116CF51}.Debug|Any CPU.Build.0 = Debug|Any CPU
		{9BF75163-2AEE-43C9-9D5D-C6C61116CF51}.Release|Any CPU.ActiveCfg = Release|Any CPU
		{9BF75163-2AEE-43C9-9D5D-C6C61116CF51}.Release|Any CPU.Build.0 = Release|Any CPU
	EndGlobalSection
	GlobalSection(SolutionProperties) = preSolution
		HideSolutionNode = FALSE
	EndGlobalSection
EndGlobal
